
Microsoft Visual Studio Solution File, Format Version 12.00
# Visual Studio Version 17
VisualStudioVersion = 17.14.36511.14 d17.14
MinimumVisualStudioVersion = 10.0.40219.1
Project("{FAE04EC0-301F-11D3-BF4B-00C04F79EFBC}") = "WindowsFormsFrutas", "WindowsFormsFrutas\WindowsFormsFrutas.csproj", "{10E6B97C-03AD-4368-8ECE-5E7BF7C503C5}"
EndProject
Project("{FAE04EC0-301F-11D3-BF4B-00C04F79EFBC}") = "ClassLibraryFrutas", "ClassLibraryFrutas\ClassLibraryFrutas.csproj", "{3B5D24B6-D2C4-4DDB-B6C8-4A0E574CF17A}"
EndProject
Project("{FAE04EC0-301F-11D3-BF4B-00C04F79EFBC}") = "TestProjectFrutas", "TestProjectFrutas\TestProjectFrutas.csproj", "{5DC1EDCC-58CD-48A1-888E-9E4E027A1F4A}"
EndProject
Global
	GlobalSection(SolutionConfigurationPlatforms) = preSolution
		Debug|Any CPU = Debug|Any CPU
		Release|Any CPU = Release|Any CPU
	EndGlobalSection
	GlobalSection(ProjectConfigurationPlatforms) = postSolution
		{10E6B97C-03AD-4368-8ECE-5E7BF7C503C5}.Debug|Any CPU.ActiveCfg = Debug|Any CPU
		{10E6B97C-03AD-4368-8ECE-5E7BF7C503C5}.Debug|Any CPU.Build.0 = Debug|Any CPU
		{10E6B97C-03AD-4368-8ECE-5E7BF7C503C5}.Release|Any CPU.ActiveCfg = Release|Any CPU
		{10E6B97C-03AD-4368-8ECE-5E7BF7C503C5}.Release|Any CPU.Build.0 = Release|Any CPU
		{3B5D24B6-D2C4-4DDB-B6C8-4A0E574CF17A}.Debug|Any CPU.ActiveCfg = Debug|Any CPU
		{3B5D24B6-D2C4-4DDB-B6C8-4A0E574CF17A}.Debug|Any CPU.Build.0 = Debug|Any CPU
		{3B5D24B6-D2C4-4DDB-B6C8-4A0E574CF17A}.Release|Any CPU.ActiveCfg = Release|Any CPU
		{3B5D24B6-D2C4-4DDB-B6C8-4A0E574CF17A}.Release|Any CPU.Build.0 = Release|Any CPU
		{5DC1EDCC-58CD-48A1-888E-9E4E027A1F4A}.Debug|Any CPU.ActiveCfg = Debug|Any CPU
		{5DC1EDCC-58CD-48A1-888E-9E4E027A1F4A}.Debug|Any CPU.Build.0 = Debug|Any CPU
		{5DC1EDCC-58CD-48A1-888E-9E4E027A1F4A}.Release|Any CPU.ActiveCfg = Release|Any CPU
		{5DC1EDCC-58CD-48A1-888E-9E4E027A1F4A}.Release|Any CPU.Build.0 = Release|Any CPU
	EndGlobalSection
	GlobalSection(SolutionProperties) = preSolution
		HideSolutionNode = FALSE
	EndGlobalSection
	GlobalSection(ExtensibilityGlobals) = postSolution
		SolutionGuid = {9DB77861-B9B8-4746-A777-2564F6B12185}
	EndGlobalSection
EndGlobal
